// !$*UTF8*$!
{
	archiveVersion = 1;
	classes = {
	};
	objectVersion = 46;
	objects = {

/* Begin PBXBuildFile section */
		05A650158B7B89509172B983 /* Pods_Lab_TumblrAPI.framework in Frameworks */ = {isa = PBXBuildFile; fileRef = 66F05680160C6A97BABBBBF1 /* Pods_Lab_TumblrAPI.framework */; };
		D23188111E43F58600B60A25 /* AppDelegate.swift in Sources */ = {isa = PBXBuildFile; fileRef = D23188101E43F58600B60A25 /* AppDelegate.swift */; };
		D23188131E43F58600B60A25 /* ViewController.swift in Sources */ = {isa = PBXBuildFile; fileRef = D23188121E43F58600B60A25 /* ViewController.swift */; };
		D23188161E43F58600B60A25 /* Main.storyboard in Resources */ = {isa = PBXBuildFile; fileRef = D23188141E43F58600B60A25 /* Main.storyboard */; };
		D23188181E43F58600B60A25 /* Assets.xcassets in Resources */ = {isa = PBXBuildFile; fileRef = D23188171E43F58600B60A25 /* Assets.xcassets */; };
		D231881B1E43F58600B60A25 /* LaunchScreen.storyboard in Resources */ = {isa = PBXBuildFile; fileRef = D23188191E43F58600B60A25 /* LaunchScreen.storyboard */; };
/* End PBXBuildFile section */

/* Begin PBXFileReference section */
		0B62073F708ADBF96518925F /* Pods-Lab-TumblrAPI.release.xcconfig */ = {isa = PBXFileReference; includeInIndex = 1; lastKnownFileType = text.xcconfig; name = "Pods-Lab-TumblrAPI.release.xcconfig"; path = "Pods/Target Support Files/Pods-Lab-TumblrAPI/Pods-Lab-TumblrAPI.release.xcconfig"; sourceTree = "<group>"; };
		66F05680160C6A97BABBBBF1 /* Pods_Lab_TumblrAPI.framework */ = {isa = PBXFileReference; explicitFileType = wrapper.framework; includeInIndex = 0; path = Pods_Lab_TumblrAPI.framework; sourceTree = BUILT_PRODUCTS_DIR; };
		76A33556D387C8E2AEC7B307 /* Pods-Lab-TumblrAPI.debug.xcconfig */ = {isa = PBXFileReference; includeInIndex = 1; lastKnownFileType = text.xcconfig; name = "Pods-Lab-TumblrAPI.debug.xcconfig"; path = "Pods/Target Support Files/Pods-Lab-TumblrAPI/Pods-Lab-TumblrAPI.debug.xcconfig"; sourceTree = "<group>"; };
		D231880D1E43F58600B60A25 /* Lab-TumblrAPI.app */ = {isa = PBXFileReference; explicitFileType = wrapper.application; includeInIndex = 0; path = "Lab-TumblrAPI.app"; sourceTree = BUILT_PRODUCTS_DIR; };
		D23188101E43F58600B60A25 /* AppDelegate.swift */ = {isa = PBXFileReference; lastKnownFileType = sourcecode.swift; path = AppDelegate.swift; sourceTree = "<group>"; };
		D23188121E43F58600B60A25 /* ViewController.swift */ = {isa = PBXFileReference; lastKnownFileType = sourcecode.swift; path = ViewController.swift; sourceTree = "<group>"; };
		D23188151E43F58600B60A25 /* Base */ = {isa = PBXFileReference; lastKnownFileType = file.storyboard; name = Base; path = Base.lproj/Main.storyboard; sourceTree = "<group>"; };
		D23188171E43F58600B60A25 /* Assets.xcassets */ = {isa = PBXFileReference; lastKnownFileType = folder.assetcatalog; path = Assets.xcassets; sourceTree = "<group>"; };
		D231881A1E43F58600B60A25 /* Base */ = {isa = PBXFileReference; lastKnownFileType = file.storyboard; name = Base; path = Base.lproj/LaunchScreen.storyboard; sourceTree = "<group>"; };
		D231881C1E43F58600B60A25 /* Info.plist */ = {isa = PBXFileReference; lastKnownFileType = text.plist.xml; path = Info.plist; sourceTree = "<group>"; };
/* End PBXFileReference section */

/* Begin PBXFrameworksBuildPhase section */
		D231880A1E43F58600B60A25 /* Frameworks */ = {
			isa = PBXFrameworksBuildPhase;
			buildActionMask = 2147483647;
			files = (
				05A650158B7B89509172B983 /* Pods_Lab_TumblrAPI.framework in Frameworks */,
			);
			runOnlyForDeploymentPostprocessing = 0;
		};
/* End PBXFrameworksBuildPhase section */

/* Begin PBXGroup section */
		B0E8F3F39B295D175617D20F /* Frameworks */ = {
			isa = PBXGroup;
			children = (
				66F05680160C6A97BABBBBF1 /* Pods_Lab_TumblrAPI.framework */,
			);
			name = Frameworks;
			sourceTree = "<group>";
		};
		D23188041E43F58600B60A25 = {
			isa = PBXGroup;
			children = (
				D231880F1E43F58600B60A25 /* Lab-TumblrAPI */,
				D231880E1E43F58600B60A25 /* Products */,
				F774E57AD2568A9867B97DFD /* Pods */,
				B0E8F3F39B295D175617D20F /* Frameworks */,
			);
			sourceTree = "<group>";
		};
		D231880E1E43F58600B60A25 /* Products */ = {
			isa = PBXGroup;
			children = (
				D231880D1E43F58600B60A25 /* Lab-TumblrAPI.app */,
			);
			name = Products;
			sourceTree = "<group>";
		};
		D231880F1E43F58600B60A25 /* Lab-TumblrAPI */ = {
			isa = PBXGroup;
			children = (
				D23188101E43F58600B60A25 /* AppDelegate.swift */,
				D23188121E43F58600B60A25 /* ViewController.swift */,
				D23188141E43F58600B60A25 /* Main.storyboard */,
				D23188171E43F58600B60A25 /* Assets.xcassets */,
				D23188191E43F58600B60A25 /* LaunchScreen.storyboard */,
				D231881C1E43F58600B60A25 /* Info.plist */,
			);
			path = "Lab-TumblrAPI";
			sourceTree = "<group>";
		};
		F774E57AD2568A9867B97DFD /* Pods */ = {
			isa = PBXGroup;
			children = (
				76A33556D387C8E2AEC7B307 /* Pods-Lab-TumblrAPI.debug.xcconfig */,
				0B62073F708ADBF96518925F /* Pods-Lab-TumblrAPI.release.xcconfig */,
			);
			name = Pods;
			sourceTree = "<group>";
		};
/* End PBXGroup section */

/* Begin PBXNativeTarget section */
		D231880C1E43F58600B60A25 /* Lab-TumblrAPI */ = {
			isa = PBXNativeTarget;
			buildConfigurationList = D231881F1E43F58600B60A25 /* Build configuration list for PBXNativeTarget "Lab-TumblrAPI" */;
			buildPhases = (
				5D0D1FB16604B501290B197E /* [CP] Check Pods Manifest.lock */,
				D23188091E43F58600B60A25 /* Sources */,
				D231880A1E43F58600B60A25 /* Frameworks */,
				D231880B1E43F58600B60A25 /* Resources */,
				DCF3B932F2DA86BF7ECE875F /* [CP] Embed Pods Frameworks */,
				5BE6B3EA4A3CB5CFDB6EBDB0 /* [CP] Copy Pods Resources */,
			);
			buildRules = (
			);
			dependencies = (
			);
			name = "Lab-TumblrAPI";
			productName = "Lab-TumblrAPI";
			productReference = D231880D1E43F58600B60A25 /* Lab-TumblrAPI.app */;
			productType = "com.apple.product-type.application";
		};
/* End PBXNativeTarget section */

/* Begin PBXProject section */
		D23188051E43F58600B60A25 /* Project object */ = {
			isa = PBXProject;
			attributes = {
				LastSwiftUpdateCheck = 0810;
				LastUpgradeCheck = 0810;
				ORGANIZATIONNAME = Mufi;
				TargetAttributes = {
					D231880C1E43F58600B60A25 = {
						CreatedOnToolsVersion = 8.1;
						ProvisioningStyle = Automatic;
					};
				};
			};
			buildConfigurationList = D23188081E43F58600B60A25 /* Build configuration list for PBXProject "Lab-TumblrAPI" */;
			compatibilityVersion = "Xcode 3.2";
			developmentRegion = English;
			hasScannedForEncodings = 0;
			knownRegions = (
				en,
				Base,
			);
			mainGroup = D23188041E43F58600B60A25;
			productRefGroup = D231880E1E43F58600B60A25 /* Products */;
			projectDirPath = "";
			projectRoot = "";
			targets = (
				D231880C1E43F58600B60A25 /* Lab-TumblrAPI */,
			);
		};
/* End PBXProject section */

/* Begin PBXResourcesBuildPhase section */
		D231880B1E43F58600B60A25 /* Resources */ = {
			isa = PBXResourcesBuildPhase;
			buildActionMask = 2147483647;
			files = (
				D231881B1E43F58600B60A25 /* LaunchScreen.storyboard in Resources */,
				D23188181E43F58600B60A25 /* Assets.xcassets in Resources */,
				D23188161E43F58600B60A25 /* Main.storyboard in Resources */,
			);
			runOnlyForDeploymentPostprocessing = 0;
		};
/* End PBXResourcesBuildPhase section */

/* Begin PBXShellScriptBuildPhase section */
		5BE6B3EA4A3CB5CFDB6EBDB0 /* [CP] Copy Pods Resources */ = {
			isa = PBXShellScriptBuildPhase;
			buildActionMask = 2147483647;
			files = (
			);
			inputPaths = (
			);
			name = "[CP] Copy Pods Resources";
			outputPaths = (
			);
			runOnlyForDeploymentPostprocessing = 0;
			shellPath = /bin/sh;
			shellScript = "\"${SRCROOT}/Pods/Target Support Files/Pods-Lab-TumblrAPI/Pods-Lab-TumblrAPI-resources.sh\"\n";
			showEnvVarsInLog = 0;
		};
		5D0D1FB16604B501290B197E /* [CP] Check Pods Manifest.lock */ = {
			isa = PBXShellScriptBuildPhase;
			buildActionMask = 2147483647;
			files = (
			);
			inputPaths = (
			);
			name = "[CP] Check Pods Manifest.lock";
			outputPaths = (
			);
			runOnlyForDeploymentPostprocessing = 0;
			shellPath = /bin/sh;
			shellScript = "diff \"${PODS_ROOT}/../Podfile.lock\" \"${PODS_ROOT}/Manifest.lock\" > /dev/null\nif [ $? != 0 ] ; then\n    # print error to STDERR\n    echo \"error: The sandbox is not in sync with the Podfile.lock. Run 'pod install' or update your CocoaPods installation.\" >&2\n    exit 1\nfi\n";
			showEnvVarsInLog = 0;
		};
		DCF3B932F2DA86BF7ECE875F /* [CP] Embed Pods Frameworks */ = {
			isa = PBXShellScriptBuildPhase;
			buildActionMask = 2147483647;
			files = (
			);
			inputPaths = (
			);
			name = "[CP] Embed Pods Frameworks";
			outputPaths = (
			);
			runOnlyForDeploymentPostprocessing = 0;
			shellPath = /bin/sh;
			shellScript = "\"${SRCROOT}/Pods/Target Support Files/Pods-Lab-TumblrAPI/Pods-Lab-TumblrAPI-frameworks.sh\"\n";
			showEnvVarsInLog = 0;
		};
/* End PBXShellScriptBuildPhase section */

/* Begin PBXSourcesBuildPhase section */
		D23188091E43F58600B60A25 /* Sources */ = {
			isa = PBXSourcesBuildPhase;
			buildActionMask = 2147483647;
			files = (
				D23188131E43F58600B60A25 /* ViewController.swift in Sources */,
				D23188111E43F58600B60A25 /* AppDelegate.swift in Sources */,
			);
			runOnlyForDeploymentPostprocessing = 0;
		};
/* End PBXSourcesBuildPhase section */

/* Begin PBXVariantGroup section */
		D23188141E43F58600B60A25 /* Main.storyboard */ = {
			isa = PBXVariantGroup;
			children = (
				D23188151E43F58600B60A25 /* Base */,
			);
			name = Main.storyboard;
			sourceTree = "<group>";
		};
		D23188191E43F58600B60A25 /* LaunchScreen.storyboard */ = {
			isa = PBXVariantGroup;
			children = (
				D231881A1E43F58600B60A25 /* Base */,
			);
			name = LaunchScreen.storyboard;
			sourceTree = "<group>";
		};
/* End PBXVariantGroup section */

/* Begin XCBuildConfiguration section */
		D231881D1E43F58600B60A25 /* Debug */ = {
			isa = XCBuildConfiguration;
			buildSettings = {
				ALWAYS_SEARCH_USER_PATHS = NO;
				CLANG_ANALYZER_NONNULL = YES;
				CLANG_CXX_LANGUAGE_STANDARD = "gnu++0x";
				CLANG_CXX_LIBRARY = "libc++";
				CLANG_ENABLE_MODULES = YES;
				CLANG_ENABLE_OBJC_ARC = YES;
				CLANG_WARN_BOOL_CONVERSION = YES;
				CLANG_WARN_CONSTANT_CONVERSION = YES;
				CLANG_WARN_DIRECT_OBJC_ISA_USAGE = YES_ERROR;
				CLANG_WARN_DOCUMENTATION_COMMENTS = YES;
				CLANG_WARN_EMPTY_BODY = YES;
				CLANG_WARN_ENUM_CONVERSION = YES;
				CLANG_WARN_INFINITE_RECURSION = YES;
				CLANG_WARN_INT_CONVERSION = YES;
				CLANG_WARN_OBJC_ROOT_CLASS = YES_ERROR;
				CLANG_WARN_SUSPICIOUS_MOVES = YES;
				CLANG_WARN_UNREACHABLE_CODE = YES;
				CLANG_WARN__DUPLICATE_METHOD_MATCH = YES;
				"CODE_SIGN_IDENTITY[sdk=iphoneos*]" = "iPhone Developer";
				COPY_PHASE_STRIP = NO;
				DEBUG_INFORMATION_FORMAT = dwarf;
				ENABLE_STRICT_OBJC_MSGSEND = YES;
				ENABLE_TESTABILITY = YES;
				GCC_C_LANGUAGE_STANDARD = gnu99;
				GCC_DYNAMIC_NO_PIC = NO;
				GCC_NO_COMMON_BLOCKS = YES;
				GCC_OPTIMIZATION_LEVEL = 0;
				GCC_PREPROCESSOR_DEFINITIONS = (
					"DEBUG=1",
					"$(inherited)",
				);
				GCC_WARN_64_TO_32_BIT_CONVERSION = YES;
				GCC_WARN_ABOUT_RETURN_TYPE = YES_ERROR;
				GCC_WARN_UNDECLARED_SELECTOR = YES;
				GCC_WARN_UNINITIALIZED_AUTOS = YES_AGGRESSIVE;
				GCC_WARN_UNUSED_FUNCTION = YES;
				GCC_WARN_UNUSED_VARIABLE = YES;
				IPHONEOS_DEPLOYMENT_TARGET = 10.1;
				MTL_ENABLE_DEBUG_INFO = YES;
				ONLY_ACTIVE_ARCH = YES;
				SDKROOT = iphoneos;
				SWIFT_ACTIVE_COMPILATION_CONDITIONS = DEBUG;
				SWIFT_OPTIMIZATION_LEVEL = "-Onone";
				TARGETED_DEVICE_FAMILY = "1,2";
			};
			name = Debug;
		};
		D231881E1E43F58600B60A25 /* Release */ = {
			isa = XCBuildConfiguration;
			buildSettings = {
				ALWAYS_SEARCH_USER_PATHS = NO;
				CLANG_ANALYZER_NONNULL = YES;
				CLANG_CXX_LANGUAGE_STANDARD = "gnu++0x";
				CLANG_CXX_LIBRARY = "libc++";
				CLANG_ENABLE_MODULES = YES;
				CLANG_ENABLE_OBJC_ARC = YES;
				CLANG_WARN_BOOL_CONVERSION = YES;
				CLANG_WARN_CONSTANT_CONVERSION = YES;
				CLANG_WARN_DIRECT_OBJC_ISA_USAGE = YES_ERROR;
				CLANG_WARN_DOCUMENTATION_COMMENTS = YES;
				CLANG_WARN_EMPTY_BODY = YES;
				CLANG_WARN_ENUM_CONVERSION = YES;
				CLANG_WARN_INFINITE_RECURSION = YES;
				CLANG_WARN_INT_CONVERSION = YES;
				CLANG_WARN_OBJC_ROOT_CLASS = YES_ERROR;
				CLANG_WARN_SUSPICIOUS_MOVES = YES;
				CLANG_WARN_UNREACHABLE_CODE = YES;
				CLANG_WARN__DUPLICATE_METHOD_MATCH = YES;
				"CODE_SIGN_IDENTITY[sdk=iphoneos*]" = "iPhone Developer";
				COPY_PHASE_STRIP = NO;
				DEBUG_INFORMATION_FORMAT = "dwarf-with-dsym";
				ENABLE_NS_ASSERTIONS = NO;
				ENABLE_STRICT_OBJC_MSGSEND = YES;
				GCC_C_LANGUAGE_STANDARD = gnu99;
				GCC_NO_COMMON_BLOCKS = YES;
				GCC_WARN_64_TO_32_BIT_CONVERSION = YES;
				GCC_WARN_ABOUT_RETURN_TYPE = YES_ERROR;
				GCC_WARN_UNDECLARED_SELECTOR = YES;
				GCC_WARN_UNINITIALIZED_AUTOS = YES_AGGRESSIVE;
				GCC_WARN_UNUSED_FUNCTION = YES;
				GCC_WARN_UNUSED_VARIABLE = YES;
				IPHONEOS_DEPLOYMENT_TARGET = 10.1;
				MTL_ENABLE_DEBUG_INFO = NO;
				SDKROOT = iphoneos;
				SWIFT_OPTIMIZATION_LEVEL = "-Owholemodule";
				TARGETED_DEVICE_FAMILY = "1,2";
				VALIDATE_PRODUCT = YES;
			};
			name = Release;
		};
		D23188201E43F58600B60A25 /* Debug */ = {
			isa = XCBuildConfiguration;
			baseConfigurationReference = 76A33556D387C8E2AEC7B307 /* Pods-Lab-TumblrAPI.debug.xcconfig */;
			buildSettings = {
				ASSETCATALOG_COMPILER_APPICON_NAME = AppIcon;
				INFOPLIST_FILE = "Lab-TumblrAPI/Info.plist";
				LD_RUNPATH_SEARCH_PATHS = "$(inherited) @executable_path/Frameworks";
				PRODUCT_BUNDLE_IDENTIFIER = "me.monus.Lab-TumblrAPI";
				PRODUCT_NAME = "$(TARGET_NAME)";
				SWIFT_VERSION = 3.0;
			};
			name = Debug;
		};
		D23188211E43F58600B60A25 /* Release */ = {
			isa = XCBuildConfiguration;
			baseConfigurationReference = 0B62073F708ADBF96518925F /* Pods-Lab-TumblrAPI.release.xcconfig */;
			buildSettings = {
				ASSETCATALOG_COMPILER_APPICON_NAME = AppIcon;
				INFOPLIST_FILE = "Lab-TumblrAPI/Info.plist";
				LD_RUNPATH_SEARCH_PATHS = "$(inherited) @executable_path/Frameworks";
				PRODUCT_BUNDLE_IDENTIFIER = "me.monus.Lab-TumblrAPI";
				PRODUCT_NAME = "$(TARGET_NAME)";
				SWIFT_VERSION = 3.0;
			};
			name = Release;
		};
/* End XCBuildConfiguration section */

/* Begin XCConfigurationList section */
		D23188081E43F58600B60A25 /* Build configuration list for PBXProject "Lab-TumblrAPI" */ = {
			isa = XCConfigurationList;
			buildConfigurations = (
				D231881D1E43F58600B60A25 /* Debug */,
				D231881E1E43F58600B60A25 /* Release */,
			);
			defaultConfigurationIsVisible = 0;
			defaultConfigurationName = Release;
		};
		D231881F1E43F58600B60A25 /* Build configuration list for PBXNativeTarget "Lab-TumblrAPI" */ = {
			isa = XCConfigurationList;
			buildConfigurations = (
				D23188201E43F58600B60A25 /* Debug */,
				D23188211E43F58600B60A25 /* Release */,
			);
			defaultConfigurationIsVisible = 0;
		};
/* End XCConfigurationList section */
	};
	rootObject = D23188051E43F58600B60A25 /* Project object */;
}
